# This file is automatically @generated by Cargo.
# It is not intended for manual editing.
version = 4

[[package]]
name = "dm-plugin-hello"
version = "0.1.0"
dependencies = [
 "dm-plugin-sdk",
]

[[package]]
name = "dm-plugin-sdk"
version = "0.4.1"
source = "git+https://github.com/guangl/dm-plugin-sdk.git?rev=b12ce0d937e2f732151b30a1850e08ed4e5c9cf9#b12ce0d937e2f732151b30a1850e08ed4e5c9cf9"
